{
  "originHash" : "b8a8964866a8fd0f0b055ee21cafa1892dec3b65c47004d4f638f75e2d9166cb",
  "pins" : [
    {
      "identity" : "dotlottie-ios",
      "kind" : "remoteSourceControl",
      "location" : "https://github.com/LottieFiles/dotlottie-ios",
      "state" : {
        "branch" : "main",
        "revision" : "5882d81ccb677e2da0175fc9c97980bb61af3eb9"
      }
    }
  ],
  "version" : 3
}
